
Microsoft Visual Studio Solution File, Format Version 12.00
# Visual Studio Version 16
VisualStudioVersion = 16.0.30907.101
MinimumVisualStudioVersion = 10.0.40219.1
Project("{9A19103F-16F7-4668-BE54-9A1E7A4F7556}") = "Entities", "Entities\Entities.csproj", "{7042E342-252C-4646-BE5F-C4B803928298}"
EndProject
Project("{9A19103F-16F7-4668-BE54-9A1E7A4F7556}") = "DataAccess", "DataAccess\DataAccess.csproj", "{BA165AC9-A614-4103-95AC-9313A8F09CE3}"
EndProject
Project("{9A19103F-16F7-4668-BE54-9A1E7A4F7556}") = "Business", "Business\Business.csproj", "{4191A4B3-222F-4B38-802B-76DF79E89657}"
EndProject
Project("{9A19103F-16F7-4668-BE54-9A1E7A4F7556}") = "ConsoleUI", "ConsoleUI\ConsoleUI.csproj", "{152F05AC-465A-47C9-B7E0-244AC4DA3566}"
EndProject
Project("{FAE04EC0-301F-11D3-BF4B-00C04F79EFBC}") = "Core", "Core\Core.csproj", "{DBB81B2A-5AC5-4788-A0FB-EB825DF00298}"
EndProject
Global
	GlobalSection(SolutionConfigurationPlatforms) = preSolution
		Debug|Any CPU = Debug|Any CPU
		Release|Any CPU = Release|Any CPU
	EndGlobalSection
	GlobalSection(ProjectConfigurationPlatforms) = postSolution
		{7042E342-252C-4646-BE5F-C4B803928298}.Debug|Any CPU.ActiveCfg = Debug|Any CPU
		{7042E342-252C-4646-BE5F-C4B803928298}.Debug|Any CPU.Build.0 = Debug|Any CPU
		{7042E342-252C-4646-BE5F-C4B803928298}.Release|Any CPU.ActiveCfg = Release|Any CPU
		{7042E342-252C-4646-BE5F-C4B803928298}.Release|Any CPU.Build.0 = Release|Any CPU
		{BA165AC9-A614-4103-95AC-9313A8F09CE3}.Debug|Any CPU.ActiveCfg = Debug|Any CPU
		{BA165AC9-A614-4103-95AC-9313A8F09CE3}.Debug|Any CPU.Build.0 = Debug|Any CPU
		{BA165AC9-A614-4103-95AC-9313A8F09CE3}.Release|Any CPU.ActiveCfg = Release|Any CPU
		{BA165AC9-A614-4103-95AC-9313A8F09CE3}.Release|Any CPU.Build.0 = Release|Any CPU
		{4191A4B3-222F-4B38-802B-76DF79E89657}.Debug|Any CPU.ActiveCfg = Debug|Any CPU
		{4191A4B3-222F-4B38-802B-76DF79E89657}.Debug|Any CPU.Build.0 = Debug|Any CPU
		{4191A4B3-222F-4B38-802B-76DF79E89657}.Release|Any CPU.ActiveCfg = Release|Any CPU
		{4191A4B3-222F-4B38-802B-76DF79E89657}.Release|Any CPU.Build.0 = Release|Any CPU
		{152F05AC-465A-47C9-B7E0-244AC4DA3566}.Debug|Any CPU.ActiveCfg = Debug|Any CPU
		{152F05AC-465A-47C9-B7E0-244AC4DA3566}.Debug|Any CPU.Build.0 = Debug|Any CPU
		{152F05AC-465A-47C9-B7E0-244AC4DA3566}.Release|Any CPU.ActiveCfg = Release|Any CPU
		{152F05AC-465A-47C9-B7E0-244AC4DA3566}.Release|Any CPU.Build.0 = Release|Any CPU
		{DBB81B2A-5AC5-4788-A0FB-EB825DF00298}.Debug|Any CPU.ActiveCfg = Debug|Any CPU
		{DBB81B2A-5AC5-4788-A0FB-EB825DF00298}.Debug|Any CPU.Build.0 = Debug|Any CPU
		{DBB81B2A-5AC5-4788-A0FB-EB825DF00298}.Release|Any CPU.ActiveCfg = Release|Any CPU
		{DBB81B2A-5AC5-4788-A0FB-EB825DF00298}.Release|Any CPU.Build.0 = Release|Any CPU
	EndGlobalSection
	GlobalSection(SolutionProperties) = preSolution
		HideSolutionNode = FALSE
	EndGlobalSection
	GlobalSection(ExtensibilityGlobals) = postSolution
		SolutionGuid = {C5C45CFD-76BE-40FD-997C-7994BF0D2733}
	EndGlobalSection
EndGlobal
